{
  "name": "@luizsantiago/agentic-fullstack",
  "version": "0.4.0",
  "lockfileVersion": 3,
  "requires": true,
  "packages": {
    "": {
      "name": "@luizsantiago/agentic-fullstack",
      "version": "0.4.0",
      "license": "MIT",
      "bin": {
        "agentic-fullstack": "index.js"
      },
      "engines": {
        "node": ">=18"
      },
      "peerDependencies": {
        "@luizsantiago/spec-seatbelt": ">=2.2.0"
      },
      "peerDependenciesMeta": {
        "@luizsantiago/spec-seatbelt": {
          "optional": true
        }
      }
    }
  }
}
