{
  "name": "@luizsantiago/agentic-fullstack",
  "version": "0.3.4",
  "lockfileVersion": 3,
  "requires": true,
  "packages": {
    "": {
      "name": "@luizsantiago/agentic-fullstack",
      "version": "0.3.4",
      "license": "MIT",
      "bin": {
        "agentic-fullstack": "index.js"
      },
      "engines": {
        "node": ">=18"
      },
      "peerDependencies": {
        "@luizsantiago/agentic-harness": ">=0.7.0"
      },
      "peerDependenciesMeta": {
        "@luizsantiago/agentic-harness": {
          "optional": true
        }
      }
    }
  }
}
